PODS:
  - BarcodeScanner (5.0.0)

DEPENDENCIES:
  - BarcodeScanner

SPEC REPOS:
  https://mirrors.tuna.tsinghua.edu.cn/git/CocoaPods/Specs.git:
    - BarcodeScanner

SPEC CHECKSUMS:
  BarcodeScanner: 2f5a53198eae49dc39bf61f2c1f05c04e01ff72d

PODFILE CHECKSUM: b9785db6ec23a9b8e86fad93a41da48fa6e546f1

COCOAPODS: 1.12.1
